
Microsoft Visual Studio Solution File, Format Version 12.00
# Visual Studio Version 17
VisualStudioVersion = 17.7.34003.232
MinimumVisualStudioVersion = 10.0.40219.1
Project("{FAE04EC0-301F-11D3-BF4B-00C04F79EFBC}") = "TomeTender.Android", "TomeTender\TomeTender.Android\TomeTender.Android.csproj", "{53523F17-DF59-4076-AD3F-10A0830D4AE2}"
EndProject
Project("{FAE04EC0-301F-11D3-BF4B-00C04F79EFBC}") = "TomeTender", "TomeTender\TomeTender\TomeTender.csproj", "{88A11D48-BF5F-42F5-A02A-F701CCCB7B78}"
EndProject
Global
	GlobalSection(SolutionConfigurationPlatforms) = preSolution
		Debug|Any CPU = Debug|Any CPU
		Release|Any CPU = Release|Any CPU
	EndGlobalSection
	GlobalSection(ProjectConfigurationPlatforms) = postSolution
		{53523F17-DF59-4076-AD3F-10A0830D4AE2}.Debug|Any CPU.ActiveCfg = Debug|Any CPU
		{53523F17-DF59-4076-AD3F-10A0830D4AE2}.Debug|Any CPU.Build.0 = Debug|Any CPU
		{53523F17-DF59-4076-AD3F-10A0830D4AE2}.Debug|Any CPU.Deploy.0 = Debug|Any CPU
		{53523F17-DF59-4076-AD3F-10A0830D4AE2}.Release|Any CPU.ActiveCfg = Release|Any CPU
		{53523F17-DF59-4076-AD3F-10A0830D4AE2}.Release|Any CPU.Build.0 = Release|Any CPU
		{53523F17-DF59-4076-AD3F-10A0830D4AE2}.Release|Any CPU.Deploy.0 = Release|Any CPU
		{88A11D48-BF5F-42F5-A02A-F701CCCB7B78}.Debug|Any CPU.ActiveCfg = Debug|Any CPU
		{88A11D48-BF5F-42F5-A02A-F701CCCB7B78}.Debug|Any CPU.Build.0 = Debug|Any CPU
		{88A11D48-BF5F-42F5-A02A-F701CCCB7B78}.Debug|Any CPU.Deploy.0 = Debug|Any CPU
		{88A11D48-BF5F-42F5-A02A-F701CCCB7B78}.Release|Any CPU.ActiveCfg = Release|Any CPU
		{88A11D48-BF5F-42F5-A02A-F701CCCB7B78}.Release|Any CPU.Build.0 = Release|Any CPU
		{88A11D48-BF5F-42F5-A02A-F701CCCB7B78}.Release|Any CPU.Deploy.0 = Release|Any CPU
	EndGlobalSection
	GlobalSection(SolutionProperties) = preSolution
		HideSolutionNode = FALSE
	EndGlobalSection
	GlobalSection(ExtensibilityGlobals) = postSolution
		SolutionGuid = {9992C0A9-EF09-400D-A0F1-2F3CDF8D27BA}
	EndGlobalSection
EndGlobal
